
Microsoft Visual Studio Solution File, Format Version 12.00
# Visual Studio Version 17
VisualStudioVersion = 17.0.31903.59
MinimumVisualStudioVersion = 10.0.40219.1
Project("{FAE04EC0-301F-11D3-BF4B-00C04F79EFBC}") = "ChronoNet.Domain", "ChronoNet.Domain\ChronoNet.Domain.csproj", "{2FEC6254-C613-4509-816C-C280A95D6766}"
EndProject
Project("{FAE04EC0-301F-11D3-BF4B-00C04F79EFBC}") = "ChronoNet.Application", "ChronoNet.Application\ChronoNet.Application.csproj", "{BA8B6F79-4605-4D78-B9B5-3C6887FABFDC}"
EndProject
Project("{FAE04EC0-301F-11D3-BF4B-00C04F79EFBC}") = "ChronoNet.Infrastructure", "ChronoNet.Infrastructure\ChronoNet.Infrastructure.csproj", "{62400CF0-50E8-4F4C-A1BB-B87312D04238}"
EndProject
Project("{FAE04EC0-301F-11D3-BF4B-00C04F79EFBC}") = "ChronoNet.UI", "ChronoNet.UI\ChronoNet.UI.csproj", "{61D47564-8E99-484C-AF2F-C53F329F6A2C}"
EndProject
Global
	GlobalSection(SolutionConfigurationPlatforms) = preSolution
		Debug|Any CPU = Debug|Any CPU
		Release|Any CPU = Release|Any CPU
	EndGlobalSection
	GlobalSection(ProjectConfigurationPlatforms) = postSolution
		{2FEC6254-C613-4509-816C-C280A95D6766}.Debug|Any CPU.ActiveCfg = Debug|Any CPU
		{2FEC6254-C613-4509-816C-C280A95D6766}.Debug|Any CPU.Build.0 = Debug|Any CPU
		{2FEC6254-C613-4509-816C-C280A95D6766}.Release|Any CPU.ActiveCfg = Release|Any CPU
		{2FEC6254-C613-4509-816C-C280A95D6766}.Release|Any CPU.Build.0 = Release|Any CPU
		{BA8B6F79-4605-4D78-B9B5-3C6887FABFDC}.Debug|Any CPU.ActiveCfg = Debug|Any CPU
		{BA8B6F79-4605-4D78-B9B5-3C6887FABFDC}.Debug|Any CPU.Build.0 = Debug|Any CPU
		{BA8B6F79-4605-4D78-B9B5-3C6887FABFDC}.Release|Any CPU.ActiveCfg = Release|Any CPU
		{BA8B6F79-4605-4D78-B9B5-3C6887FABFDC}.Release|Any CPU.Build.0 = Release|Any CPU
		{62400CF0-50E8-4F4C-A1BB-B87312D04238}.Debug|Any CPU.ActiveCfg = Debug|Any CPU
		{62400CF0-50E8-4F4C-A1BB-B87312D04238}.Debug|Any CPU.Build.0 = Debug|Any CPU
		{62400CF0-50E8-4F4C-A1BB-B87312D04238}.Release|Any CPU.ActiveCfg = Release|Any CPU
		{62400CF0-50E8-4F4C-A1BB-B87312D04238}.Release|Any CPU.Build.0 = Release|Any CPU
		{61D47564-8E99-484C-AF2F-C53F329F6A2C}.Debug|Any CPU.ActiveCfg = Debug|Any CPU
		{61D47564-8E99-484C-AF2F-C53F329F6A2C}.Debug|Any CPU.Build.0 = Debug|Any CPU
		{61D47564-8E99-484C-AF2F-C53F329F6A2C}.Release|Any CPU.ActiveCfg = Release|Any CPU
		{61D47564-8E99-484C-AF2F-C53F329F6A2C}.Release|Any CPU.Build.0 = Release|Any CPU
	EndGlobalSection
	GlobalSection(SolutionProperties) = preSolution
		HideSolutionNode = FALSE
	EndGlobalSection
	GlobalSection(ExtensibilityGlobals) = postSolution
		SolutionGuid = {9AB54DD9-C6F0-4A67-88F6-F8AE4862BC61}
	EndGlobalSection
EndGlobal
